
Microsoft Visual Studio Solution File, Format Version 12.00
# Visual Studio Version 17
VisualStudioVersion = 17.5.002.0
MinimumVisualStudioVersion = 10.0.40219.1
Project("{9A19103F-16F7-4668-BE54-9A1E7A4F7556}") = "bruteforce", "bruteforce.csproj", "{D0DAE320-A020-43D8-805F-4F8E2C972925}"
EndProject
Global
	GlobalSection(SolutionConfigurationPlatforms) = preSolution
		Debug|Any CPU = Debug|Any CPU
		Release|Any CPU = Release|Any CPU
	EndGlobalSection
	GlobalSection(ProjectConfigurationPlatforms) = postSolution
		{D0DAE320-A020-43D8-805F-4F8E2C972925}.Debug|Any CPU.ActiveCfg = Debug|Any CPU
		{D0DAE320-A020-43D8-805F-4F8E2C972925}.Debug|Any CPU.Build.0 = Debug|Any CPU
		{D0DAE320-A020-43D8-805F-4F8E2C972925}.Release|Any CPU.ActiveCfg = Release|Any CPU
		{D0DAE320-A020-43D8-805F-4F8E2C972925}.Release|Any CPU.Build.0 = Release|Any CPU
	EndGlobalSection
	GlobalSection(SolutionProperties) = preSolution
		HideSolutionNode = FALSE
	EndGlobalSection
	GlobalSection(ExtensibilityGlobals) = postSolution
		SolutionGuid = {BDFADE09-D8D6-414A-87FF-3B2F440BA91F}
	EndGlobalSection
EndGlobal
