
Microsoft Visual Studio Solution File, Format Version 12.00
# Visual Studio Version 17
VisualStudioVersion = 17.5.002.0
MinimumVisualStudioVersion = 10.0.40219.1
Project("{2150E333-8FDC-42A3-9474-1A3956D46DE8}") = "res", "res", "{98D525D4-41D8-480E-9F57-8267AFE3AEB9}"
EndProject
Project("{9A19103F-16F7-4668-BE54-9A1E7A4F7556}") = "OrkestraCore", "res\dotnet\OrkestraCore.csproj", "{1507726F-AB49-4AA0-A576-B2731EBB5F77}"
EndProject
Project("{2150E333-8FDC-42A3-9474-1A3956D46DE8}") = "src", "src", "{FAEE668D-EF93-4A71-B29F-867D33825E67}"
EndProject
Project("{9A19103F-16F7-4668-BE54-9A1E7A4F7556}") = "SymphonyLang", "src\dotnet\SymphonyLang.csproj", "{781472C2-1CA2-468E-B338-2167E2B6458A}"
EndProject
Global
	GlobalSection(SolutionConfigurationPlatforms) = preSolution
		Debug|Any CPU = Debug|Any CPU
		Release|Any CPU = Release|Any CPU
	EndGlobalSection
	GlobalSection(ProjectConfigurationPlatforms) = postSolution
		{1507726F-AB49-4AA0-A576-B2731EBB5F77}.Debug|Any CPU.ActiveCfg = Debug|Any CPU
		{1507726F-AB49-4AA0-A576-B2731EBB5F77}.Debug|Any CPU.Build.0 = Debug|Any CPU
		{1507726F-AB49-4AA0-A576-B2731EBB5F77}.Release|Any CPU.ActiveCfg = Release|Any CPU
		{1507726F-AB49-4AA0-A576-B2731EBB5F77}.Release|Any CPU.Build.0 = Release|Any CPU
		{781472C2-1CA2-468E-B338-2167E2B6458A}.Debug|Any CPU.ActiveCfg = Debug|Any CPU
		{781472C2-1CA2-468E-B338-2167E2B6458A}.Debug|Any CPU.Build.0 = Debug|Any CPU
		{781472C2-1CA2-468E-B338-2167E2B6458A}.Release|Any CPU.ActiveCfg = Release|Any CPU
		{781472C2-1CA2-468E-B338-2167E2B6458A}.Release|Any CPU.Build.0 = Release|Any CPU
	EndGlobalSection
	GlobalSection(SolutionProperties) = preSolution
		HideSolutionNode = FALSE
	EndGlobalSection
	GlobalSection(NestedProjects) = preSolution
		{1507726F-AB49-4AA0-A576-B2731EBB5F77} = {98D525D4-41D8-480E-9F57-8267AFE3AEB9}
		{781472C2-1CA2-468E-B338-2167E2B6458A} = {FAEE668D-EF93-4A71-B29F-867D33825E67}
	EndGlobalSection
	GlobalSection(ExtensibilityGlobals) = postSolution
		SolutionGuid = {D2559BC5-89FC-4E3F-AB68-798FCB938E7F}
	EndGlobalSection
EndGlobal
